# Generated by buf. DO NOT EDIT.
version: v1
deps:
  - remote: buf.build
    owner: cncf
    repository: xds
    commit: fe41be3842f948ad9aa75242527456ea
    digest: shake256:3ab0aabbd8b350a172ee11159613f4bd86743d11158a51856f9a5d54f5fc74f9669dc96def4e324e6c0d34946751597f0569e3ae8b7044dacbb035aec56a2709
  - remote: buf.build
    owner: envoyproxy
    repository: envoy
    commit: b7466416ca3f494c934812bf4dcaf203
    digest: shake256:817cfb451fc301648cc69c1a4543dec803e361d0ac60bf3856de8e9d4a15b2e4cae848665914a197c6de642d9a0389ad8c92fe93ccf5ea31d518b6623ea13f0d
  - remote: buf.build
    owner: envoyproxy
    repository: protoc-gen-validate
    commit: daf171c6cdb54629b5f51e345a79e4dd
    digest: shake256:4ae167d7eed10da5f83a3f5df8c670d249170f11b1f2fd19afda06be2cff4d47dcc95e9e4a15151ecc8ce2d3d3614caf9a04d3ad82fb768a3870dedfa9455f36
  - remote: buf.build
    owner: google
    repository: cel-spec
    commit: f098f2988c914fe8ba26d9fe152ea868
    digest: shake256:7dcbf38567d52160ab053ab7d89ee6e35c831ec05b8b2d7439b9e28afce895ad995f02bc9a48c1489806f5de076f69f263675294b16a701a63bb0cbfdcbf29af
  - remote: buf.build
    owner: googleapis
    repository: googleapis
    commit: 61b203b9a9164be9a834f58c37be6f62
    digest: shake256:e619113001d6e284ee8a92b1561e5d4ea89a47b28bf0410815cb2fa23914df8be9f1a6a98dcf069f5bc2d829a2cfb1ac614863be45cd4f8a5ad8606c5f200224
  - remote: buf.build
    owner: opentelemetry
    repository: opentelemetry
    commit: 1fc52e899c994407aa667ca83d32a043
    digest: shake256:bfc71adccb0dd5557e6ddcf469a595a214ba68bbbfa6f759d70c84a7e809cb59986169174eadaa038aaa0af5a4b3534b0bd6904c6eb97fd841188640ca848bab
  - remote: buf.build
    owner: prometheus
    repository: client-model
    commit: e171c0b235c546d5a9a597c2961bd357
    digest: shake256:7db3f73ac0f1dce71e70f304f318e9741e857fd78b7b42f0df7a3da353fbb2f387899da7b0a77ac9ee9565194510e39a913cdb9a8ab3c2ff4b8713428c795213
